{
    "name": "@jimberlage/shble",
    "version": "1.0.0",
    "lockfileVersion": 1,
    "requires": true,
    "dependencies": {
        "@fluentui/date-time-utilities": {
            "version": "8.2.1",
            "resolved": "https://registry.npmjs.org/@fluentui/date-time-utilities/-/date-time-utilities-8.2.1.tgz",
            "integrity": "sha512-0AYXaXFQ3bPsOtiOi3bJSihzf+w3L44iQK38EiQgp3uAXei/i36VtDCToHZehYV+eS4s1qb/QGksoL0F4G6WCQ==",
            "requires": {
                "@fluentui/set-version": "^8.1.3",
                "tslib": "^2.1.0"
            }
        },
        "@fluentui/dom-utilities": {
            "version": "2.1.3",
            "resolved": "https://registry.npmjs.org/@fluentui/dom-utilities/-/dom-utilities-2.1.3.tgz",
            "integrity": "sha512-i2YECSldnkzPAhVmrxksuKSbqBKfMbHrexGqDJm7dy6KoIx+JSilbA5Lz0YNhA7VEgCy1X01GHlWBvqhCNQW8g==",
            "requires": {
                "@fluentui/set-version": "^8.1.3",
                "tslib": "^2.1.0"
            }
        },
        "@fluentui/font-icons-mdl2": {
            "version": "8.1.6",
            "resolved": "https://registry.npmjs.org/@fluentui/font-icons-mdl2/-/font-icons-mdl2-8.1.6.tgz",
            "integrity": "sha512-tNAaX72NQYbvR9zeiOiVQBQhYtVgPUgh68LKTGywuYGc2WffBu20Xk9wII8iLGmAijLI1QClaCQxaRAL0IkfBA==",
            "requires": {
                "@fluentui/set-version": "^8.1.3",
                "@fluentui/style-utilities": "^8.2.0",
                "tslib": "^2.1.0"
            }
        },
        "@fluentui/foundation-legacy": {
            "version": "8.1.6",
            "resolved": "https://registry.npmjs.org/@fluentui/foundation-legacy/-/foundation-legacy-8.1.6.tgz",
            "integrity": "sha512-TJzUFcpfcJefXNmTOAJBKgIlQXDPw/dIcpO9l2nBfORvy4RnrJK4QjpdJPp5XOhDPtDVjlKPB1WvavoRkPRrbg==",
            "requires": {
                "@fluentui/merge-styles": "^8.1.3",
                "@fluentui/set-version": "^8.1.3",
                "@fluentui/style-utilities": "^8.2.0",
                "@fluentui/utilities": "^8.2.1",
                "tslib": "^2.1.0"
            }
        },
        "@fluentui/keyboard-key": {
            "version": "0.3.3",
            "resolved": "https://registry.npmjs.org/@fluentui/keyboard-key/-/keyboard-key-0.3.3.tgz",
            "integrity": "sha512-3qX1WNCgJlKq7uGH76rLC4cdESgwdLhMH9WjcQUkQNJKtBpL4vs5O99M1keEhd3pfooW7zasr6AcYcWq4BRB4g==",
            "requires": {
                "tslib": "^2.1.0"
            }
        },
        "@fluentui/merge-styles": {
            "version": "8.1.3",
            "resolved": "https://registry.npmjs.org/@fluentui/merge-styles/-/merge-styles-8.1.3.tgz",
            "integrity": "sha512-5vZUyXnbOb9M1rMLzQ7Kj5uadHgSTsp3gv0xDv6bfPvzB9RgQa3dEuJ6TA34tLezw8sFYuA6NnKd57nlb4aXMA==",
            "requires": {
                "@fluentui/set-version": "^8.1.3",
                "tslib": "^2.1.0"
            }
        },
        "@fluentui/react": {
            "version": "8.23.5",
            "resolved": "https://registry.npmjs.org/@fluentui/react/-/react-8.23.5.tgz",
            "integrity": "sha512-+XeWLNW1ztFLsgMLxoQzsb5P8T723VAABm2FyDrNambLbLBEKNQLR2WK43T57jq5kRvXTskUXXtxyhr59MsyGA==",
            "requires": {
                "@fluentui/date-time-utilities": "^8.2.1",
                "@fluentui/font-icons-mdl2": "^8.1.6",
                "@fluentui/foundation-legacy": "^8.1.6",
                "@fluentui/merge-styles": "^8.1.3",
                "@fluentui/react-focus": "^8.1.8",
                "@fluentui/react-hooks": "^8.2.4",
                "@fluentui/react-window-provider": "^2.1.3",
                "@fluentui/set-version": "^8.1.3",
                "@fluentui/style-utilities": "^8.2.0",
                "@fluentui/theme": "^2.1.4",
                "@fluentui/utilities": "^8.2.1",
                "@microsoft/load-themed-styles": "^1.10.26",
                "tslib": "^2.1.0"
            }
        },
        "@fluentui/react-focus": {
            "version": "8.1.8",
            "resolved": "https://registry.npmjs.org/@fluentui/react-focus/-/react-focus-8.1.8.tgz",
            "integrity": "sha512-EUI1TZwM7T2keNEjqIAkeV9ALMlLjz7abqHk0AypKJG3v4YPQHycal37KAHQb+gdVJX2hjVQLxynI1yrquKFUw==",
            "requires": {
                "@fluentui/keyboard-key": "^0.3.3",
                "@fluentui/merge-styles": "^8.1.3",
                "@fluentui/set-version": "^8.1.3",
                "@fluentui/style-utilities": "^8.2.0",
                "@fluentui/utilities": "^8.2.1",
                "tslib": "^2.1.0"
            }
        },
        "@fluentui/react-hooks": {
            "version": "8.2.4",
            "resolved": "https://registry.npmjs.org/@fluentui/react-hooks/-/react-hooks-8.2.4.tgz",
            "integrity": "sha512-qc/j0YdxC0zAWVqh8BJppZuK3o9/rfyu5psY4N/AL9dmKrTFWszRgTSB5uiRShN99L88UUEV9RtlfknnLDGrUg==",
            "requires": {
                "@fluentui/react-window-provider": "^2.1.3",
                "@fluentui/set-version": "^8.1.3",
                "@fluentui/utilities": "^8.2.1",
                "tslib": "^2.1.0"
            }
        },
        "@fluentui/react-window-provider": {
            "version": "2.1.3",
            "resolved": "https://registry.npmjs.org/@fluentui/react-window-provider/-/react-window-provider-2.1.3.tgz",
            "integrity": "sha512-3NWL3Kkqp3elD/aTrUaEufRUrN7K7hYsXEsOY2bDCDjPadLGtZlTGWNYFbUYNsaL/v79gZHhH+voCECP85HqRg==",
            "requires": {
                "@fluentui/set-version": "^8.1.3",
                "tslib": "^2.1.0"
            }
        },
        "@fluentui/set-version": {
            "version": "8.1.3",
            "resolved": "https://registry.npmjs.org/@fluentui/set-version/-/set-version-8.1.3.tgz",
            "integrity": "sha512-QYLFBnwa6xJj0phEy6r+iO5bXWXxkhS1uNngUwfWsHaTskDa4PXDDdjZAXjTVV935xqmoM4GZhZk+Tcoe/OaXA==",
            "requires": {
                "tslib": "^2.1.0"
            }
        },
        "@fluentui/style-utilities": {
            "version": "8.2.0",
            "resolved": "https://registry.npmjs.org/@fluentui/style-utilities/-/style-utilities-8.2.0.tgz",
            "integrity": "sha512-gdAgBnevDOHbgqAKCaQG4CXN6dONMg8BRSZNqha0I9WdgLJy7F7t4xVo8elPjlDUP72ciYT8J9Z/YNljZzbE0w==",
            "requires": {
                "@fluentui/merge-styles": "^8.1.3",
                "@fluentui/set-version": "^8.1.3",
                "@fluentui/theme": "^2.1.4",
                "@fluentui/utilities": "^8.2.1",
                "@microsoft/load-themed-styles": "^1.10.26",
                "tslib": "^2.1.0"
            }
        },
        "@fluentui/theme": {
            "version": "2.1.4",
            "resolved": "https://registry.npmjs.org/@fluentui/theme/-/theme-2.1.4.tgz",
            "integrity": "sha512-Y4FWgnYldvAFOo24tfsREMb8/3Tn5uDoYgGO7AAdrksP7VAaavaEVQCOgvHWy3l89Bsxf00/fE+QJ/AHv5Z4CA==",
            "requires": {
                "@fluentui/merge-styles": "^8.1.3",
                "@fluentui/set-version": "^8.1.3",
                "@fluentui/utilities": "^8.2.1",
                "tslib": "^2.1.0"
            }
        },
        "@fluentui/utilities": {
            "version": "8.2.1",
            "resolved": "https://registry.npmjs.org/@fluentui/utilities/-/utilities-8.2.1.tgz",
            "integrity": "sha512-ezRkBUDhHQjrqAWA6H1TwWU3STauW/EjthDAe/upJbmXeP3ynn7tTpx1gpNi/vHjJlRkO1JjNoiSc6P4MZWkYw==",
            "requires": {
                "@fluentui/dom-utilities": "^2.1.3",
                "@fluentui/merge-styles": "^8.1.3",
                "@fluentui/set-version": "^8.1.3",
                "tslib": "^2.1.0"
            }
        },
        "@microsoft/load-themed-styles": {
            "version": "1.10.195",
            "resolved": "https://registry.npmjs.org/@microsoft/load-themed-styles/-/load-themed-styles-1.10.195.tgz",
            "integrity": "sha512-KDCKYsdIo3/ivmu4kzn/LmdttAOwz/bU2C1KywyKy8jHuTj/gU9LBD2htDNGbHQgKObOuqGTpUNNVpVe92Gghw=="
        },
        "esbuild": {
            "version": "0.12.15",
            "resolved": "https://registry.npmjs.org/esbuild/-/esbuild-0.12.15.tgz",
            "integrity": "sha512-72V4JNd2+48eOVCXx49xoSWHgC3/cCy96e7mbXKY+WOWghN00cCmlGnwVLRhRHorvv0dgCyuMYBZlM2xDM5OQw==",
            "dev": true
        },
        "google-protobuf": {
            "version": "3.17.3",
            "resolved": "https://registry.npmjs.org/google-protobuf/-/google-protobuf-3.17.3.tgz",
            "integrity": "sha512-OVPzcSWIAJ+d5yiHyeaLrdufQtrvaBrF4JQg+z8ynTkbO3uFcujqXszTumqg1cGsAsjkWnI+M5B1xZ19yR4Wyg=="
        },
        "js-tokens": {
            "version": "4.0.0",
            "resolved": "https://registry.npmjs.org/js-tokens/-/js-tokens-4.0.0.tgz",
            "integrity": "sha512-RdJUflcE3cUzKiMqQgsCu06FPu9UdIJO0beYbPhHN4k6apgJtifcoCtT9bcxOpYBtpD2kCM6Sbzg4CausW/PKQ=="
        },
        "loose-envify": {
            "version": "1.4.0",
            "resolved": "https://registry.npmjs.org/loose-envify/-/loose-envify-1.4.0.tgz",
            "integrity": "sha512-lyuxPGr/Wfhrlem2CL/UcnUc1zcqKAImBDzukY7Y5F/yQiNdko6+fRLevlw1HgMySw7f611UIY408EtxRSoK3Q==",
            "requires": {
                "js-tokens": "^3.0.0 || ^4.0.0"
            }
        },
        "object-assign": {
            "version": "4.1.1",
            "resolved": "https://registry.npmjs.org/object-assign/-/object-assign-4.1.1.tgz",
            "integrity": "sha1-IQmtx5ZYh8/AXLvUQsrIv7s2CGM="
        },
        "papaparse": {
            "version": "5.3.1",
            "resolved": "https://registry.npmjs.org/papaparse/-/papaparse-5.3.1.tgz",
            "integrity": "sha512-Dbt2yjLJrCwH2sRqKFFJaN5XgIASO9YOFeFP8rIBRG2Ain8mqk5r1M6DkfvqEVozVcz3r3HaUGw253hA1nLIcA=="
        },
        "react": {
            "version": "17.0.2",
            "resolved": "https://registry.npmjs.org/react/-/react-17.0.2.tgz",
            "integrity": "sha512-gnhPt75i/dq/z3/6q/0asP78D0u592D5L1pd7M8P+dck6Fu/jJeL6iVVK23fptSUZj8Vjf++7wXA8UNclGQcbA==",
            "requires": {
                "loose-envify": "^1.1.0",
                "object-assign": "^4.1.1"
            }
        },
        "react-dom": {
            "version": "17.0.2",
            "resolved": "https://registry.npmjs.org/react-dom/-/react-dom-17.0.2.tgz",
            "integrity": "sha512-s4h96KtLDUQlsENhMn1ar8t2bEa+q/YAtj8pPPdIjPDGBDIVNsrD9aXNWqspUe6AzKCIG0C1HZZLqLV7qpOBGA==",
            "requires": {
                "loose-envify": "^1.1.0",
                "object-assign": "^4.1.1",
                "scheduler": "^0.20.2"
            }
        },
        "scheduler": {
            "version": "0.20.2",
            "resolved": "https://registry.npmjs.org/scheduler/-/scheduler-0.20.2.tgz",
            "integrity": "sha512-2eWfGgAqqWFGqtdMmcL5zCMK1U8KlXv8SQFGglL3CEtd0aDVDWgeF/YoCmvln55m5zSk3J/20hTaSBeSObsQDQ==",
            "requires": {
                "loose-envify": "^1.1.0",
                "object-assign": "^4.1.1"
            }
        },
        "tslib": {
            "version": "2.3.0",
            "resolved": "https://registry.npmjs.org/tslib/-/tslib-2.3.0.tgz",
            "integrity": "sha512-N82ooyxVNm6h1riLCoyS9e3fuJ3AMG2zIZs2Gd1ATcSFjSA23Q0fzjjZeh0jbJvWVDZ0cJT8yaNNaaXHzueNjg=="
        }
    }
}
